// !$*UTF8*$!
{
	archiveVersion = 1;
	classes = {
	};
	objectVersion = 50;
	objects = {

/* Begin PBXBuildFile section */
		CB11249E256C035200215E47 /* AppDelegate.swift in Sources */ = {isa = PBXBuildFile; fileRef = CB11249D256C035200215E47 /* AppDelegate.swift */; };
		CB1124A0256C035200215E47 /* SceneDelegate.swift in Sources */ = {isa = PBXBuildFile; fileRef = CB11249F256C035200215E47 /* SceneDelegate.swift */; };
		CB1124A2256C035200215E47 /* ViewController.swift in Sources */ = {isa = PBXBuildFile; fileRef = CB1124A1256C035200215E47 /* ViewController.swift */; };
		CB1124A5256C035200215E47 /* Main.storyboard in Resources */ = {isa = PBXBuildFile; fileRef = CB1124A3256C035200215E47 /* Main.storyboard */; };
		CB1124A7256C035400215E47 /* Assets.xcassets in Resources */ = {isa = PBXBuildFile; fileRef = CB1124A6256C035400215E47 /* Assets.xcassets */; };
		CB1124AA256C035400215E47 /* LaunchScreen.storyboard in Resources */ = {isa = PBXBuildFile; fileRef = CB1124A8256C035400215E47 /* LaunchScreen.storyboard */; };
		CB1124D0256C071400215E47 /* HelloOpenSource.framework in Frameworks */ = {isa = PBXBuildFile; fileRef = CB1124CF256C071400215E47 /* HelloOpenSource.framework */; };
		CB1124D1256C071400215E47 /* HelloOpenSource.framework in Embed Frameworks */ = {isa = PBXBuildFile; fileRef = CB1124CF256C071400215E47 /* HelloOpenSource.framework */; settings = {ATTRIBUTES = (CodeSignOnCopy, RemoveHeadersOnCopy, ); }; };
/* End PBXBuildFile section */

/* Begin PBXCopyFilesBuildPhase section */
		CB1124D2256C071400215E47 /* Embed Frameworks */ = {
			isa = PBXCopyFilesBuildPhase;
			buildActionMask = 2147483647;
			dstPath = "";
			dstSubfolderSpec = 10;
			files = (
				CB1124D1256C071400215E47 /* HelloOpenSource.framework in Embed Frameworks */,
			);
			name = "Embed Frameworks";
			runOnlyForDeploymentPostprocessing = 0;
		};
/* End PBXCopyFilesBuildPhase section */

/* Begin PBXFileReference section */
		CB11249A256C035200215E47 /* HelloOpenSourceExample-iOS.app */ = {isa = PBXFileReference; explicitFileType = wrapper.application; includeInIndex = 0; path = "HelloOpenSourceExample-iOS.app"; sourceTree = BUILT_PRODUCTS_DIR; };
		CB11249D256C035200215E47 /* AppDelegate.swift */ = {isa = PBXFileReference; lastKnownFileType = sourcecode.swift; path = AppDelegate.swift; sourceTree = "<group>"; };
		CB11249F256C035200215E47 /* SceneDelegate.swift */ = {isa = PBXFileReference; lastKnownFileType = sourcecode.swift; path = SceneDelegate.swift; sourceTree = "<group>"; };
		CB1124A1256C035200215E47 /* ViewController.swift */ = {isa = PBXFileReference; lastKnownFileType = sourcecode.swift; path = ViewController.swift; sourceTree = "<group>"; };
		CB1124A4256C035200215E47 /* Base */ = {isa = PBXFileReference; lastKnownFileType = file.storyboard; name = Base; path = Base.lproj/Main.storyboard; sourceTree = "<group>"; };
		CB1124A6256C035400215E47 /* Assets.xcassets */ = {isa = PBXFileReference; lastKnownFileType = folder.assetcatalog; path = Assets.xcassets; sourceTree = "<group>"; };
		CB1124A9256C035400215E47 /* Base */ = {isa = PBXFileReference; lastKnownFileType = file.storyboard; name = Base; path = Base.lproj/LaunchScreen.storyboard; sourceTree = "<group>"; };
		CB1124AB256C035400215E47 /* Info.plist */ = {isa = PBXFileReference; lastKnownFileType = text.plist.xml; path = Info.plist; sourceTree = "<group>"; };
		CB1124CF256C071400215E47 /* HelloOpenSource.framework */ = {isa = PBXFileReference; explicitFileType = wrapper.framework; path = HelloOpenSource.framework; sourceTree = BUILT_PRODUCTS_DIR; };
/* End PBXFileReference section */

/* Begin PBXFrameworksBuildPhase section */
		CB112497256C035200215E47 /* Frameworks */ = {
			isa = PBXFrameworksBuildPhase;
			buildActionMask = 2147483647;
			files = (
				CB1124D0256C071400215E47 /* HelloOpenSource.framework in Frameworks */,
			);
			runOnlyForDeploymentPostprocessing = 0;
		};
/* End PBXFrameworksBuildPhase section */

/* Begin PBXGroup section */
		CB112491256C035200215E47 = {
			isa = PBXGroup;
			children = (
				CB11249C256C035200215E47 /* HelloOpenSourceExample-iOS */,
				CB11249B256C035200215E47 /* Products */,
				CB1124CE256C071400215E47 /* Frameworks */,
			);
			sourceTree = "<group>";
		};
		CB11249B256C035200215E47 /* Products */ = {
			isa = PBXGroup;
			children = (
				CB11249A256C035200215E47 /* HelloOpenSourceExample-iOS.app */,
			);
			name = Products;
			sourceTree = "<group>";
		};
		CB11249C256C035200215E47 /* HelloOpenSourceExample-iOS */ = {
			isa = PBXGroup;
			children = (
				CB11249D256C035200215E47 /* AppDelegate.swift */,
				CB11249F256C035200215E47 /* SceneDelegate.swift */,
				CB1124A1256C035200215E47 /* ViewController.swift */,
				CB1124A3256C035200215E47 /* Main.storyboard */,
				CB1124A6256C035400215E47 /* Assets.xcassets */,
				CB1124A8256C035400215E47 /* LaunchScreen.storyboard */,
				CB1124AB256C035400215E47 /* Info.plist */,
			);
			path = "HelloOpenSourceExample-iOS";
			sourceTree = "<group>";
		};
		CB1124CE256C071400215E47 /* Frameworks */ = {
			isa = PBXGroup;
			children = (
				CB1124CF256C071400215E47 /* HelloOpenSource.framework */,
			);
			name = Frameworks;
			sourceTree = "<group>";
		};
/* End PBXGroup section */

/* Begin PBXNativeTarget section */
		CB112499256C035200215E47 /* HelloOpenSourceExample-iOS */ = {
			isa = PBXNativeTarget;
			buildConfigurationList = CB1124AE256C035400215E47 /* Build configuration list for PBXNativeTarget "HelloOpenSourceExample-iOS" */;
			buildPhases = (
				CB112496256C035200215E47 /* Sources */,
				CB112497256C035200215E47 /* Frameworks */,
				CB112498256C035200215E47 /* Resources */,
				CB1124D2256C071400215E47 /* Embed Frameworks */,
			);
			buildRules = (
			);
			dependencies = (
			);
			name = "HelloOpenSourceExample-iOS";
			productName = "HelloOpenSourceExample-iOS";
			productReference = CB11249A256C035200215E47 /* HelloOpenSourceExample-iOS.app */;
			productType = "com.apple.product-type.application";
		};
/* End PBXNativeTarget section */

/* Begin PBXProject section */
		CB112492256C035200215E47 /* Project object */ = {
			isa = PBXProject;
			attributes = {
				LastSwiftUpdateCheck = 1200;
				LastUpgradeCheck = 1200;
				TargetAttributes = {
					CB112499256C035200215E47 = {
						CreatedOnToolsVersion = 12.0;
					};
				};
			};
			buildConfigurationList = CB112495256C035200215E47 /* Build configuration list for PBXProject "HelloOpenSourceExample-iOS" */;
			compatibilityVersion = "Xcode 9.3";
			developmentRegion = en;
			hasScannedForEncodings = 0;
			knownRegions = (
				en,
				Base,
			);
			mainGroup = CB112491256C035200215E47;
			productRefGroup = CB11249B256C035200215E47 /* Products */;
			projectDirPath = "";
			projectRoot = "";
			targets = (
				CB112499256C035200215E47 /* HelloOpenSourceExample-iOS */,
			);
		};
/* End PBXProject section */

/* Begin PBXResourcesBuildPhase section */
		CB112498256C035200215E47 /* Resources */ = {
			isa = PBXResourcesBuildPhase;
			buildActionMask = 2147483647;
			files = (
				CB1124AA256C035400215E47 /* LaunchScreen.storyboard in Resources */,
				CB1124A7256C035400215E47 /* Assets.xcassets in Resources */,
				CB1124A5256C035200215E47 /* Main.storyboard in Resources */,
			);
			runOnlyForDeploymentPostprocessing = 0;
		};
/* End PBXResourcesBuildPhase section */

/* Begin PBXSourcesBuildPhase section */
		CB112496256C035200215E47 /* Sources */ = {
			isa = PBXSourcesBuildPhase;
			buildActionMask = 2147483647;
			files = (
				CB1124A2256C035200215E47 /* ViewController.swift in Sources */,
				CB11249E256C035200215E47 /* AppDelegate.swift in Sources */,
				CB1124A0256C035200215E47 /* SceneDelegate.swift in Sources */,
			);
			runOnlyForDeploymentPostprocessing = 0;
		};
/* End PBXSourcesBuildPhase section */

/* Begin PBXVariantGroup section */
		CB1124A3256C035200215E47 /* Main.storyboard */ = {
			isa = PBXVariantGroup;
			children = (
				CB1124A4256C035200215E47 /* Base */,
			);
			name = Main.storyboard;
			sourceTree = "<group>";
		};
		CB1124A8256C035400215E47 /* LaunchScreen.storyboard */ = {
			isa = PBXVariantGroup;
			children = (
				CB1124A9256C035400215E47 /* Base */,
			);
			name = LaunchScreen.storyboard;
			sourceTree = "<group>";
		};
/* End PBXVariantGroup section */

/* Begin XCBuildConfiguration section */
		CB1124AC256C035400215E47 /* Debug */ = {
			isa = XCBuildConfiguration;
			buildSettings = {
				ALWAYS_SEARCH_USER_PATHS = NO;
				CLANG_ANALYZER_NONNULL = YES;
				CLANG_ANALYZER_NUMBER_OBJECT_CONVERSION = YES_AGGRESSIVE;
				CLANG_CXX_LANGUAGE_STANDARD = "gnu++14";
				CLANG_CXX_LIBRARY = "libc++";
				CLANG_ENABLE_MODULES = YES;
				CLANG_ENABLE_OBJC_ARC = YES;
				CLANG_ENABLE_OBJC_WEAK = YES;
				CLANG_WARN_BLOCK_CAPTURE_AUTORELEASING = YES;
				CLANG_WARN_BOOL_CONVERSION = YES;
				CLANG_WARN_COMMA = YES;
				CLANG_WARN_CONSTANT_CONVERSION = YES;
				CLANG_WARN_DEPRECATED_OBJC_IMPLEMENTATIONS = YES;
				CLANG_WARN_DIRECT_OBJC_ISA_USAGE = YES_ERROR;
				CLANG_WARN_DOCUMENTATION_COMMENTS = YES;
				CLANG_WARN_EMPTY_BODY = YES;
				CLANG_WARN_ENUM_CONVERSION = YES;
				CLANG_WARN_INFINITE_RECURSION = YES;
				CLANG_WARN_INT_CONVERSION = YES;
				CLANG_WARN_NON_LITERAL_NULL_CONVERSION = YES;
				CLANG_WARN_OBJC_IMPLICIT_RETAIN_SELF = YES;
				CLANG_WARN_OBJC_LITERAL_CONVERSION = YES;
				CLANG_WARN_OBJC_ROOT_CLASS = YES_ERROR;
				CLANG_WARN_QUOTED_INCLUDE_IN_FRAMEWORK_HEADER = YES;
				CLANG_WARN_RANGE_LOOP_ANALYSIS = YES;
				CLANG_WARN_STRICT_PROTOTYPES = YES;
				CLANG_WARN_SUSPICIOUS_MOVE = YES;
				CLANG_WARN_UNGUARDED_AVAILABILITY = YES_AGGRESSIVE;
				CLANG_WARN_UNREACHABLE_CODE = YES;
				CLANG_WARN__DUPLICATE_METHOD_MATCH = YES;
				COPY_PHASE_STRIP = NO;
				DEBUG_INFORMATION_FORMAT = dwarf;
				ENABLE_STRICT_OBJC_MSGSEND = YES;
				ENABLE_TESTABILITY = YES;
				GCC_C_LANGUAGE_STANDARD = gnu11;
				GCC_DYNAMIC_NO_PIC = NO;
				GCC_NO_COMMON_BLOCKS = YES;
				GCC_OPTIMIZATION_LEVEL = 0;
				GCC_PREPROCESSOR_DEFINITIONS = (
					"DEBUG=1",
					"$(inherited)",
				);
				GCC_WARN_64_TO_32_BIT_CONVERSION = YES;
				GCC_WARN_ABOUT_RETURN_TYPE = YES_ERROR;
				GCC_WARN_UNDECLARED_SELECTOR = YES;
				GCC_WARN_UNINITIALIZED_AUTOS = YES_AGGRESSIVE;
				GCC_WARN_UNUSED_FUNCTION = YES;
				GCC_WARN_UNUSED_VARIABLE = YES;
				IPHONEOS_DEPLOYMENT_TARGET = 14.0;
				MTL_ENABLE_DEBUG_INFO = INCLUDE_SOURCE;
				MTL_FAST_MATH = YES;
				ONLY_ACTIVE_ARCH = YES;
				SDKROOT = iphoneos;
				SWIFT_ACTIVE_COMPILATION_CONDITIONS = DEBUG;
				SWIFT_OPTIMIZATION_LEVEL = "-Onone";
			};
			name = Debug;
		};
		CB1124AD256C035400215E47 /* Release */ = {
			isa = XCBuildConfiguration;
			buildSettings = {
				ALWAYS_SEARCH_USER_PATHS = NO;
				CLANG_ANALYZER_NONNULL = YES;
				CLANG_ANALYZER_NUMBER_OBJECT_CONVERSION = YES_AGGRESSIVE;
				CLANG_CXX_LANGUAGE_STANDARD = "gnu++14";
				CLANG_CXX_LIBRARY = "libc++";
				CLANG_ENABLE_MODULES = YES;
				CLANG_ENABLE_OBJC_ARC = YES;
				CLANG_ENABLE_OBJC_WEAK = YES;
				CLANG_WARN_BLOCK_CAPTURE_AUTORELEASING = YES;
				CLANG_WARN_BOOL_CONVERSION = YES;
				CLANG_WARN_COMMA = YES;
				CLANG_WARN_CONSTANT_CONVERSION = YES;
				CLANG_WARN_DEPRECATED_OBJC_IMPLEMENTATIONS = YES;
				CLANG_WARN_DIRECT_OBJC_ISA_USAGE = YES_ERROR;
				CLANG_WARN_DOCUMENTATION_COMMENTS = YES;
				CLANG_WARN_EMPTY_BODY = YES;
				CLANG_WARN_ENUM_CONVERSION = YES;
				CLANG_WARN_INFINITE_RECURSION = YES;
				CLANG_WARN_INT_CONVERSION = YES;
				CLANG_WARN_NON_LITERAL_NULL_CONVERSION = YES;
				CLANG_WARN_OBJC_IMPLICIT_RETAIN_SELF = YES;
				CLANG_WARN_OBJC_LITERAL_CONVERSION = YES;
				CLANG_WARN_OBJC_ROOT_CLASS = YES_ERROR;
				CLANG_WARN_QUOTED_INCLUDE_IN_FRAMEWORK_HEADER = YES;
				CLANG_WARN_RANGE_LOOP_ANALYSIS = YES;
				CLANG_WARN_STRICT_PROTOTYPES = YES;
				CLANG_WARN_SUSPICIOUS_MOVE = YES;
				CLANG_WARN_UNGUARDED_AVAILABILITY = YES_AGGRESSIVE;
				CLANG_WARN_UNREACHABLE_CODE = YES;
				CLANG_WARN__DUPLICATE_METHOD_MATCH = YES;
				COPY_PHASE_STRIP = NO;
				DEBUG_INFORMATION_FORMAT = "dwarf-with-dsym";
				ENABLE_NS_ASSERTIONS = NO;
				ENABLE_STRICT_OBJC_MSGSEND = YES;
				GCC_C_LANGUAGE_STANDARD = gnu11;
				GCC_NO_COMMON_BLOCKS = YES;
				GCC_WARN_64_TO_32_BIT_CONVERSION = YES;
				GCC_WARN_ABOUT_RETURN_TYPE = YES_ERROR;
				GCC_WARN_UNDECLARED_SELECTOR = YES;
				GCC_WARN_UNINITIALIZED_AUTOS = YES_AGGRESSIVE;
				GCC_WARN_UNUSED_FUNCTION = YES;
				GCC_WARN_UNUSED_VARIABLE = YES;
				IPHONEOS_DEPLOYMENT_TARGET = 14.0;
				MTL_ENABLE_DEBUG_INFO = NO;
				MTL_FAST_MATH = YES;
				SDKROOT = iphoneos;
				SWIFT_COMPILATION_MODE = wholemodule;
				SWIFT_OPTIMIZATION_LEVEL = "-O";
				VALIDATE_PRODUCT = YES;
			};
			name = Release;
		};
		CB1124AF256C035400215E47 /* Debug */ = {
			isa = XCBuildConfiguration;
			buildSettings = {
				ASSETCATALOG_COMPILER_APPICON_NAME = AppIcon;
				ASSETCATALOG_COMPILER_GLOBAL_ACCENT_COLOR_NAME = AccentColor;
				CODE_SIGN_STYLE = Automatic;
				DEVELOPMENT_TEAM = HFD95R9VP2;
				INFOPLIST_FILE = "HelloOpenSourceExample-iOS/Info.plist";
				LD_RUNPATH_SEARCH_PATHS = (
					"$(inherited)",
					"@executable_path/Frameworks",
				);
				PRODUCT_BUNDLE_IDENTIFIER = "Savinov.HelloOpenSourceExample-iOS";
				PRODUCT_NAME = "$(TARGET_NAME)";
				SWIFT_VERSION = 5.0;
				TARGETED_DEVICE_FAMILY = "1,2";
			};
			name = Debug;
		};
		CB1124B0256C035400215E47 /* Release */ = {
			isa = XCBuildConfiguration;
			buildSettings = {
				ASSETCATALOG_COMPILER_APPICON_NAME = AppIcon;
				ASSETCATALOG_COMPILER_GLOBAL_ACCENT_COLOR_NAME = AccentColor;
				CODE_SIGN_STYLE = Automatic;
				DEVELOPMENT_TEAM = HFD95R9VP2;
				INFOPLIST_FILE = "HelloOpenSourceExample-iOS/Info.plist";
				LD_RUNPATH_SEARCH_PATHS = (
					"$(inherited)",
					"@executable_path/Frameworks",
				);
				PRODUCT_BUNDLE_IDENTIFIER = "Savinov.HelloOpenSourceExample-iOS";
				PRODUCT_NAME = "$(TARGET_NAME)";
				SWIFT_VERSION = 5.0;
				TARGETED_DEVICE_FAMILY = "1,2";
			};
			name = Release;
		};
/* End XCBuildConfiguration section */

/* Begin XCConfigurationList section */
		CB112495256C035200215E47 /* Build configuration list for PBXProject "HelloOpenSourceExample-iOS" */ = {
			isa = XCConfigurationList;
			buildConfigurations = (
				CB1124AC256C035400215E47 /* Debug */,
				CB1124AD256C035400215E47 /* Release */,
			);
			defaultConfigurationIsVisible = 0;
			defaultConfigurationName = Release;
		};
		CB1124AE256C035400215E47 /* Build configuration list for PBXNativeTarget "HelloOpenSourceExample-iOS" */ = {
			isa = XCConfigurationList;
			buildConfigurations = (
				CB1124AF256C035400215E47 /* Debug */,
				CB1124B0256C035400215E47 /* Release */,
			);
			defaultConfigurationIsVisible = 0;
			defaultConfigurationName = Release;
		};
/* End XCConfigurationList section */
	};
	rootObject = CB112492256C035200215E47 /* Project object */;
}
